
Microsoft Visual Studio Solution File, Format Version 12.00
# Visual Studio Version 17
VisualStudioVersion = 17.0.31919.166
MinimumVisualStudioVersion = 10.0.40219.1
Project("{9A19103F-16F7-4668-BE54-9A1E7A4F7556}") = "IToolKit.Server", "Server\IToolKit.Server.csproj", "{729B98CD-7D30-4FF5-9819-D11371E5B668}"
EndProject
Project("{9A19103F-16F7-4668-BE54-9A1E7A4F7556}") = "IToolKit.Client", "Client\IToolKit.Client.csproj", "{F019AB3C-D073-4CEB-930F-0B504A45AC1C}"
EndProject
Project("{9A19103F-16F7-4668-BE54-9A1E7A4F7556}") = "IToolKit.Shared", "Shared\IToolKit.Shared.csproj", "{0396058D-E5D7-4FAB-90EC-EAFAD0AC1C65}"
EndProject
Global
	GlobalSection(SolutionConfigurationPlatforms) = preSolution
		Debug|Any CPU = Debug|Any CPU
		Release|Any CPU = Release|Any CPU
	EndGlobalSection
	GlobalSection(ProjectConfigurationPlatforms) = postSolution
		{729B98CD-7D30-4FF5-9819-D11371E5B668}.Debug|Any CPU.ActiveCfg = Debug|Any CPU
		{729B98CD-7D30-4FF5-9819-D11371E5B668}.Debug|Any CPU.Build.0 = Debug|Any CPU
		{729B98CD-7D30-4FF5-9819-D11371E5B668}.Release|Any CPU.ActiveCfg = Release|Any CPU
		{729B98CD-7D30-4FF5-9819-D11371E5B668}.Release|Any CPU.Build.0 = Release|Any CPU
		{F019AB3C-D073-4CEB-930F-0B504A45AC1C}.Debug|Any CPU.ActiveCfg = Debug|Any CPU
		{F019AB3C-D073-4CEB-930F-0B504A45AC1C}.Debug|Any CPU.Build.0 = Debug|Any CPU
		{F019AB3C-D073-4CEB-930F-0B504A45AC1C}.Release|Any CPU.ActiveCfg = Release|Any CPU
		{F019AB3C-D073-4CEB-930F-0B504A45AC1C}.Release|Any CPU.Build.0 = Release|Any CPU
		{0396058D-E5D7-4FAB-90EC-EAFAD0AC1C65}.Debug|Any CPU.ActiveCfg = Debug|Any CPU
		{0396058D-E5D7-4FAB-90EC-EAFAD0AC1C65}.Debug|Any CPU.Build.0 = Debug|Any CPU
		{0396058D-E5D7-4FAB-90EC-EAFAD0AC1C65}.Release|Any CPU.ActiveCfg = Release|Any CPU
		{0396058D-E5D7-4FAB-90EC-EAFAD0AC1C65}.Release|Any CPU.Build.0 = Release|Any CPU
	EndGlobalSection
	GlobalSection(SolutionProperties) = preSolution
		HideSolutionNode = FALSE
	EndGlobalSection
	GlobalSection(ExtensibilityGlobals) = postSolution
		SolutionGuid = {0C37BCE8-578F-449B-A340-B72F23D9FADD}
	EndGlobalSection
EndGlobal
