
Microsoft Visual Studio Solution File, Format Version 12.00
# Visual Studio Version 17
VisualStudioVersion = 17.10.35013.160
MinimumVisualStudioVersion = 10.0.40219.1
Project("{FAE04EC0-301F-11D3-BF4B-00C04F79EFBC}") = "IToolKit", "IToolKit\IToolKit.csproj", "{9C400BAF-26A0-4FF7-9383-9A395B9563BE}"
EndProject
Project("{FAE04EC0-301F-11D3-BF4B-00C04F79EFBC}") = "IToolKit.Client", "IToolKit.Client\IToolKit.Client.csproj", "{2FF7A13A-40D5-4D25-ACC7-D6B61B4BDCBE}"
EndProject
Global
	GlobalSection(SolutionConfigurationPlatforms) = preSolution
		Debug|Any CPU = Debug|Any CPU
		Release|Any CPU = Release|Any CPU
	EndGlobalSection
	GlobalSection(ProjectConfigurationPlatforms) = postSolution
		{9C400BAF-26A0-4FF7-9383-9A395B9563BE}.Debug|Any CPU.ActiveCfg = Debug|Any CPU
		{9C400BAF-26A0-4FF7-9383-9A395B9563BE}.Debug|Any CPU.Build.0 = Debug|Any CPU
		{9C400BAF-26A0-4FF7-9383-9A395B9563BE}.Release|Any CPU.ActiveCfg = Release|Any CPU
		{9C400BAF-26A0-4FF7-9383-9A395B9563BE}.Release|Any CPU.Build.0 = Release|Any CPU
		{2FF7A13A-40D5-4D25-ACC7-D6B61B4BDCBE}.Debug|Any CPU.ActiveCfg = Debug|Any CPU
		{2FF7A13A-40D5-4D25-ACC7-D6B61B4BDCBE}.Debug|Any CPU.Build.0 = Debug|Any CPU
		{2FF7A13A-40D5-4D25-ACC7-D6B61B4BDCBE}.Release|Any CPU.ActiveCfg = Release|Any CPU
		{2FF7A13A-40D5-4D25-ACC7-D6B61B4BDCBE}.Release|Any CPU.Build.0 = Release|Any CPU
	EndGlobalSection
	GlobalSection(SolutionProperties) = preSolution
		HideSolutionNode = FALSE
	EndGlobalSection
	GlobalSection(ExtensibilityGlobals) = postSolution
		SolutionGuid = {373CC856-4A14-4987-9BCD-31F8E91AB4B2}
	EndGlobalSection
EndGlobal
